github.com/rabbitmq/amqp091-go v1.3.0/go.mod h1:ogQDLSOACsLPsIq0NpbtiifNZi2YOz0VTJ0kHRghqbM=
github.com/rabbitmq/amqp091-go v1.3.4 h1:tXuIslN1nhDqs2t6Jrz3BAoqvt4qIZzxvdbdcxWtHYU=
github.com/rabbitmq/amqp091-go v1.3.4/go.mod h1:ogQDLSOACsLPsIq0NpbtiifNZi2YOz0VTJ0kHRghqbM=
github.com/wagslane/go-rabbitmq v0.8.1 h1:9HLHEaFUoVZ7FirwjQ/t+XIW/iP2VoFz/R2+uLI3a/A=
github.com/wagslane/go-rabbitmq v0.8.1/go.mod h1:SDjKDyaWPAA8eCQfmTns9TSAkz8tsKRS7c6d5ak3pNg=
